{
  "dependencies": {
    "wfdb": {
      "version": "0.0.5",
      "dependencies": {
        "graceful-fs": {
          "version": "3.0.8"
        },
        "mkdirp": {
          "version": "0.5.1",
          "dependencies": {
            "minimist": {
              "version": "0.0.8"
            }
          }
        }
      }
    }
  }
}
